
Microsoft Visual Studio Solution File, Format Version 12.00
# Visual Studio Version 17
VisualStudioVersion = 17.12.35527.113 d17.12
MinimumVisualStudioVersion = 10.0.40219.1
Project("{FAE04EC0-301F-11D3-BF4B-00C04F79EFBC}") = "AppAlumnos.AppMovil", "AppAlumnos.AppMovil\AppAlumnos.AppMovil.csproj", "{3A0AA2A2-548C-41B0-BD27-180B4D129948}"
EndProject
Project("{FAE04EC0-301F-11D3-BF4B-00C04F79EFBC}") = "AppAlumnos.Modelos", "AppAlumnos.Modelos\AppAlumnos.Modelos.csproj", "{620B4D72-2D34-4C84-A860-AD09E4377C03}"
EndProject
Global
	GlobalSection(SolutionConfigurationPlatforms) = preSolution
		Debug|Any CPU = Debug|Any CPU
		Release|Any CPU = Release|Any CPU
	EndGlobalSection
	GlobalSection(ProjectConfigurationPlatforms) = postSolution
		{3A0AA2A2-548C-41B0-BD27-180B4D129948}.Debug|Any CPU.ActiveCfg = Debug|Any CPU
		{3A0AA2A2-548C-41B0-BD27-180B4D129948}.Debug|Any CPU.Build.0 = Debug|Any CPU
		{3A0AA2A2-548C-41B0-BD27-180B4D129948}.Debug|Any CPU.Deploy.0 = Debug|Any CPU
		{3A0AA2A2-548C-41B0-BD27-180B4D129948}.Release|Any CPU.ActiveCfg = Release|Any CPU
		{3A0AA2A2-548C-41B0-BD27-180B4D129948}.Release|Any CPU.Build.0 = Release|Any CPU
		{3A0AA2A2-548C-41B0-BD27-180B4D129948}.Release|Any CPU.Deploy.0 = Release|Any CPU
		{620B4D72-2D34-4C84-A860-AD09E4377C03}.Debug|Any CPU.ActiveCfg = Debug|Any CPU
		{620B4D72-2D34-4C84-A860-AD09E4377C03}.Debug|Any CPU.Build.0 = Debug|Any CPU
		{620B4D72-2D34-4C84-A860-AD09E4377C03}.Release|Any CPU.ActiveCfg = Release|Any CPU
		{620B4D72-2D34-4C84-A860-AD09E4377C03}.Release|Any CPU.Build.0 = Release|Any CPU
	EndGlobalSection
	GlobalSection(SolutionProperties) = preSolution
		HideSolutionNode = FALSE
	EndGlobalSection
EndGlobal
